
Microsoft Visual Studio Solution File, Format Version 12.00
# Visual Studio Version 16
VisualStudioVersion = 16.0.31424.327
MinimumVisualStudioVersion = 10.0.40219.1
Project("{9A19103F-16F7-4668-BE54-9A1E7A4F7556}") = "Domain", "Models\Domain.csproj", "{19F9AC75-4288-4EC9-BA1E-92B6B9AB80DD}"
EndProject
Project("{2150E333-8FDC-42A3-9474-1A3956D46DE8}") = "Sources", "Sources", "{ADCD81B1-4916-4658-84A4-3F7DA52DC5F3}"
EndProject
Project("{2150E333-8FDC-42A3-9474-1A3956D46DE8}") = "Core", "Core", "{60F83240-5371-48E0-A2D5-FB1B194B8F40}"
EndProject
Project("{2150E333-8FDC-42A3-9474-1A3956D46DE8}") = "Infrastructures", "Infrastructures", "{F86456E7-22AE-4B56-9F3A-3183EE9BB651}"
EndProject
Project("{2150E333-8FDC-42A3-9474-1A3956D46DE8}") = "UI", "UI", "{31F0A3BE-E440-42D5-96ED-75E3F8DDDAA1}"
EndProject
Project("{2150E333-8FDC-42A3-9474-1A3956D46DE8}") = "API", "API", "{A6ABED64-D48A-454E-9A1F-FB28A48BDE32}"
EndProject
Project("{9A19103F-16F7-4668-BE54-9A1E7A4F7556}") = "Application", "Application\Application.csproj", "{0032A877-FB50-4F03-8FA5-AA2B25CF9F5B}"
EndProject
Project("{FAE04EC0-301F-11D3-BF4B-00C04F79EFBC}") = "Reservation_Persistence", "Reservation_Persistence\Reservation_Persistence.csproj", "{5EB470CB-98B1-42D3-B695-8A87A61AF5BB}"
EndProject
Project("{FAE04EC0-301F-11D3-BF4B-00C04F79EFBC}") = "Reservation.Api", "Reservation.Api\Reservation.Api.csproj", "{6ED50608-D31E-4B44-9C3F-31D545F2F2F2}"
EndProject
Project("{FAE04EC0-301F-11D3-BF4B-00C04F79EFBC}") = "ReservationList.Front", "ReservationList.Front\ReservationList.Front.csproj", "{E5831384-9089-4254-ABBC-1B5D7FD8B2A6}"
EndProject
Global
	GlobalSection(SolutionConfigurationPlatforms) = preSolution
		Debug|Any CPU = Debug|Any CPU
		Release|Any CPU = Release|Any CPU
	EndGlobalSection
	GlobalSection(ProjectConfigurationPlatforms) = postSolution
		{19F9AC75-4288-4EC9-BA1E-92B6B9AB80DD}.Debug|Any CPU.ActiveCfg = Debug|Any CPU
		{19F9AC75-4288-4EC9-BA1E-92B6B9AB80DD}.Debug|Any CPU.Build.0 = Debug|Any CPU
		{19F9AC75-4288-4EC9-BA1E-92B6B9AB80DD}.Release|Any CPU.ActiveCfg = Release|Any CPU
		{19F9AC75-4288-4EC9-BA1E-92B6B9AB80DD}.Release|Any CPU.Build.0 = Release|Any CPU
		{0032A877-FB50-4F03-8FA5-AA2B25CF9F5B}.Debug|Any CPU.ActiveCfg = Debug|Any CPU
		{0032A877-FB50-4F03-8FA5-AA2B25CF9F5B}.Debug|Any CPU.Build.0 = Debug|Any CPU
		{0032A877-FB50-4F03-8FA5-AA2B25CF9F5B}.Release|Any CPU.ActiveCfg = Release|Any CPU
		{0032A877-FB50-4F03-8FA5-AA2B25CF9F5B}.Release|Any CPU.Build.0 = Release|Any CPU
		{5EB470CB-98B1-42D3-B695-8A87A61AF5BB}.Debug|Any CPU.ActiveCfg = Debug|Any CPU
		{5EB470CB-98B1-42D3-B695-8A87A61AF5BB}.Debug|Any CPU.Build.0 = Debug|Any CPU
		{5EB470CB-98B1-42D3-B695-8A87A61AF5BB}.Release|Any CPU.ActiveCfg = Release|Any CPU
		{5EB470CB-98B1-42D3-B695-8A87A61AF5BB}.Release|Any CPU.Build.0 = Release|Any CPU
		{6ED50608-D31E-4B44-9C3F-31D545F2F2F2}.Debug|Any CPU.ActiveCfg = Debug|Any CPU
		{6ED50608-D31E-4B44-9C3F-31D545F2F2F2}.Debug|Any CPU.Build.0 = Debug|Any CPU
		{6ED50608-D31E-4B44-9C3F-31D545F2F2F2}.Release|Any CPU.ActiveCfg = Release|Any CPU
		{6ED50608-D31E-4B44-9C3F-31D545F2F2F2}.Release|Any CPU.Build.0 = Release|Any CPU
		{E5831384-9089-4254-ABBC-1B5D7FD8B2A6}.Debug|Any CPU.ActiveCfg = Debug|Any CPU
		{E5831384-9089-4254-ABBC-1B5D7FD8B2A6}.Debug|Any CPU.Build.0 = Debug|Any CPU
		{E5831384-9089-4254-ABBC-1B5D7FD8B2A6}.Release|Any CPU.ActiveCfg = Release|Any CPU
		{E5831384-9089-4254-ABBC-1B5D7FD8B2A6}.Release|Any CPU.Build.0 = Release|Any CPU
	EndGlobalSection
	GlobalSection(SolutionProperties) = preSolution
		HideSolutionNode = FALSE
	EndGlobalSection
	GlobalSection(NestedProjects) = preSolution
		{19F9AC75-4288-4EC9-BA1E-92B6B9AB80DD} = {60F83240-5371-48E0-A2D5-FB1B194B8F40}
		{60F83240-5371-48E0-A2D5-FB1B194B8F40} = {ADCD81B1-4916-4658-84A4-3F7DA52DC5F3}
		{F86456E7-22AE-4B56-9F3A-3183EE9BB651} = {ADCD81B1-4916-4658-84A4-3F7DA52DC5F3}
		{31F0A3BE-E440-42D5-96ED-75E3F8DDDAA1} = {ADCD81B1-4916-4658-84A4-3F7DA52DC5F3}
		{A6ABED64-D48A-454E-9A1F-FB28A48BDE32} = {ADCD81B1-4916-4658-84A4-3F7DA52DC5F3}
		{0032A877-FB50-4F03-8FA5-AA2B25CF9F5B} = {60F83240-5371-48E0-A2D5-FB1B194B8F40}
		{5EB470CB-98B1-42D3-B695-8A87A61AF5BB} = {F86456E7-22AE-4B56-9F3A-3183EE9BB651}
		{6ED50608-D31E-4B44-9C3F-31D545F2F2F2} = {A6ABED64-D48A-454E-9A1F-FB28A48BDE32}
		{E5831384-9089-4254-ABBC-1B5D7FD8B2A6} = {31F0A3BE-E440-42D5-96ED-75E3F8DDDAA1}
	EndGlobalSection
	GlobalSection(ExtensibilityGlobals) = postSolution
		SolutionGuid = {963FD1E1-CAFC-4F91-9165-8BD28406484E}
	EndGlobalSection
EndGlobal
